{
  "requires": true,
  "lockfileVersion": 1,
  "dependencies": {
    "bulma": {
      "version": "0.9.1",
      "resolved": "https://registry.npmjs.org/bulma/-/bulma-0.9.1.tgz",
      "integrity": "sha512-LSF69OumXg2HSKl2+rN0/OEXJy7WFEb681wtBlNS/ulJYR27J3rORHibdXZ6GVb/vyUzzYK/Arjyh56wjbFedA=="
    },
    "minireset.css": {
      "version": "0.0.6",
      "resolved": "https://registry.npmjs.org/minireset.css/-/minireset.css-0.0.6.tgz",
      "integrity": "sha512-aluj16Tc1KhEYGDa/tedYzIbZ2Ax/JR25MUQzGkqOrcw/P5OPSlwNNrlLpdULu0xFNnxu2SRHx4rKiIMq3iSTQ=="
    }
  }
}
